
Microsoft Visual Studio Solution File, Format Version 12.00
# Visual Studio 2012
Project("{FAE04EC0-301F-11D3-BF4B-00C04F79EFBC}") = "XamariniOSLongPress", "XamariniOSLongPress\XamariniOSLongPress.csproj", "{A7871999-3C96-4907-93CC-CC4AD48CCB46}"
EndProject
Global
	GlobalSection(SolutionConfigurationPlatforms) = preSolution
		Debug|iPhoneSimulator = Debug|iPhoneSimulator
		Release|iPhone = Release|iPhone
		Release|iPhoneSimulator = Release|iPhoneSimulator
		Debug|iPhone = Debug|iPhone
	EndGlobalSection
	GlobalSection(ProjectConfigurationPlatforms) = postSolution
		{A7871999-3C96-4907-93CC-CC4AD48CCB46}.Debug|iPhoneSimulator.ActiveCfg = Debug|iPhoneSimulator
		{A7871999-3C96-4907-93CC-CC4AD48CCB46}.Debug|iPhoneSimulator.Build.0 = Debug|iPhoneSimulator
		{A7871999-3C96-4907-93CC-CC4AD48CCB46}.Release|iPhone.ActiveCfg = Release|iPhone
		{A7871999-3C96-4907-93CC-CC4AD48CCB46}.Release|iPhone.Build.0 = Release|iPhone
		{A7871999-3C96-4907-93CC-CC4AD48CCB46}.Release|iPhoneSimulator.ActiveCfg = Release|iPhoneSimulator
		{A7871999-3C96-4907-93CC-CC4AD48CCB46}.Release|iPhoneSimulator.Build.0 = Release|iPhoneSimulator
		{A7871999-3C96-4907-93CC-CC4AD48CCB46}.Debug|iPhone.ActiveCfg = Debug|iPhone
		{A7871999-3C96-4907-93CC-CC4AD48CCB46}.Debug|iPhone.Build.0 = Debug|iPhone
	EndGlobalSection
EndGlobal
